# THIS IS AN AUTOGENERATED FILE. DO NOT EDIT THIS FILE DIRECTLY.
# yarn lockfile v1


"@vuepress/plugin-back-to-top@^1.0.0-alpha.0":
  version "1.0.0-alpha.0"
  resolved "https://registry.yarnpkg.com/@vuepress/plugin-back-to-top/-/plugin-back-to-top-1.0.0-alpha.0.tgz#401513b39d5dd081f49404c35ab6f51002c1cca0"
  integrity sha512-Ll7AdL/Lnnqft73NVJlnlZQeWurJ4U6dfeBsbcJjnywrldQ3M4nVdXWxXVCpMOILxpIuzEPhS60sudk93rVtgQ==
  dependencies:
    lodash.debounce "^4.0.8"

"@vuepress/plugin-blog@^1.0.0-alpha.0":
  version "1.0.0-alpha.0"
  resolved "https://registry.yarnpkg.com/@vuepress/plugin-blog/-/plugin-blog-1.0.0-alpha.0.tgz#41136410cf3d5ddfbd577e699a92daf18c04a180"
  integrity sha512-s7fBHJShId5gGU/HKYvLgmhUcrgi88xkeGxCNOcz8QT7dXBl1KM/SvR4zlD06RNSzYDpWL5/4CykpJXDRpLGFg==

katex@^0.6.0:
  version "0.6.0"
  resolved "https://registry.yarnpkg.com/katex/-/katex-0.6.0.tgz#12418e09121c05c92041b6b3b9fb6bab213cb6f3"
  integrity sha1-EkGOCRIcBckgQbazuftrqyE8tvM=
  dependencies:
    match-at "^0.1.0"

lodash.debounce@^4.0.8:
  version "4.0.8"
  resolved "https://registry.yarnpkg.com/lodash.debounce/-/lodash.debounce-4.0.8.tgz#82d79bff30a67c4005ffd5e2515300ad9ca4d7af"
  integrity sha1-gteb/zCmfEAF/9XiUVMArZyk168=

markdown-it-katex@^2.0.3:
  version "2.0.3"
  resolved "https://registry.yarnpkg.com/markdown-it-katex/-/markdown-it-katex-2.0.3.tgz#d7b86a1aea0b9d6496fab4e7919a18fdef589c39"
  integrity sha1-17hqGuoLnWSW+rTnkZoY/e9YnDk=
  dependencies:
    katex "^0.6.0"

match-at@^0.1.0:
  version "0.1.1"
  resolved "https://registry.yarnpkg.com/match-at/-/match-at-0.1.1.tgz#25d040d291777704d5e6556bbb79230ec2de0540"
  integrity sha512-h4Yd392z9mST+dzc+yjuybOGFNOZjmXIPKWjxBd1Bb23r4SmDOsk2NYCU2BMUBGbSpZqwVsZYNq26QS3xfaT3Q==

moment@^2.24.0:
  version "2.24.0"
  resolved "https://registry.yarnpkg.com/moment/-/moment-2.24.0.tgz#0d055d53f5052aa653c9f6eb68bb5d12bf5c2b5b"
  integrity sha512-bV7f+6l2QigeBBZSM/6yTNq4P2fNpSWj/0e7jQcy87A8e7o2nAfP/34/2ky5Vw4B9S446EtIhodAzkFCcR4dQg==
